
Microsoft Visual Studio Solution File, Format Version 12.00
# Visual Studio 15
Project("{FAE04EC0-301F-11D3-BF4B-00C04F79EFBC}") = "FinalHomework2", "FinalHomework2\FinalHomework2.csproj", "{7743F400-193C-450B-BE36-433EF0DA74EC}"
EndProject
Global
	GlobalSection(SolutionConfigurationPlatforms) = preSolution
		Debug|x86 = Debug|x86
		Release|x86 = Release|x86
	EndGlobalSection
	GlobalSection(ProjectConfigurationPlatforms) = postSolution
		{7743F400-193C-450B-BE36-433EF0DA74EC}.Debug|x86.ActiveCfg = Debug|x86
		{7743F400-193C-450B-BE36-433EF0DA74EC}.Debug|x86.Build.0 = Debug|x86
		{7743F400-193C-450B-BE36-433EF0DA74EC}.Release|x86.ActiveCfg = Release|x86
		{7743F400-193C-450B-BE36-433EF0DA74EC}.Release|x86.Build.0 = Release|x86
	EndGlobalSection
EndGlobal
